
Microsoft Visual Studio Solution File, Format Version 12.00
# Visual Studio Version 16
VisualStudioVersion = 16.0.808.7
MinimumVisualStudioVersion = 10.0.40219.1
Project("{FAE04EC0-301F-11D3-BF4B-00C04F79EFBC}") = "xsltrans", "xsltrans\xsltrans.csproj", "{8FDCC3AD-542A-4DBD-8BFF-87435F1D6D73}"
EndProject
Global
	GlobalSection(SolutionConfigurationPlatforms) = preSolution
		Debug|Any CPU = Debug|Any CPU
		Release|Any CPU = Release|Any CPU
	EndGlobalSection
	GlobalSection(ProjectConfigurationPlatforms) = postSolution
		{8FDCC3AD-542A-4DBD-8BFF-87435F1D6D73}.Debug|Any CPU.ActiveCfg = Debug|Any CPU
		{8FDCC3AD-542A-4DBD-8BFF-87435F1D6D73}.Debug|Any CPU.Build.0 = Debug|Any CPU
		{8FDCC3AD-542A-4DBD-8BFF-87435F1D6D73}.Release|Any CPU.ActiveCfg = Release|Any CPU
		{8FDCC3AD-542A-4DBD-8BFF-87435F1D6D73}.Release|Any CPU.Build.0 = Release|Any CPU
	EndGlobalSection
	GlobalSection(SolutionProperties) = preSolution
		HideSolutionNode = FALSE
	EndGlobalSection
	GlobalSection(ExtensibilityGlobals) = postSolution
		SolutionGuid = {9AF4D706-582F-4D72-967C-2CB2CFE3DF4D}
	EndGlobalSection
EndGlobal
